
Microsoft Visual Studio Solution File, Format Version 12.00
# Visual Studio Version 16
VisualStudioVersion = 16.0.34031.81
MinimumVisualStudioVersion = 10.0.40219.1
Project("{2150E333-8FDC-42A3-9474-1A3956D46DE8}") = "Task0", "Task0", "{D1E4E76A-F098-425A-A776-BEA7553F73A7}"
EndProject
Project("{FAE04EC0-301F-11D3-BF4B-00C04F79EFBC}") = "Tyuiu.MartysevichAD.Sprint5.Task0.V30.Lib", "Tyuiu.MartysevichAD.Sprint5.Task0.V30.Lib\Tyuiu.MartysevichAD.Sprint5.Task0.V30.Lib.csproj", "{02F81DBF-2F28-4900-BE60-0DCDCC126B90}"
EndProject
Project("{FAE04EC0-301F-11D3-BF4B-00C04F79EFBC}") = "Tyuiu.MartysevichAD.Sprint5.Task0.V30.Test", "Tyuiu.MartysevichAD.Sprint5.Task0.V30.Test\Tyuiu.MartysevichAD.Sprint5.Task0.V30.Test.csproj", "{A341E6C1-7BF9-4AC2-806B-BE2E8F82C62A}"
EndProject
Project("{FAE04EC0-301F-11D3-BF4B-00C04F79EFBC}") = "Tyuiu.MartysevichAD.Sprint5.Task0.V30", "Tyuiu.MartysevichAD.Sprint5.Task0.V30\Tyuiu.MartysevichAD.Sprint5.Task0.V30.csproj", "{09127374-D5BE-42ED-8C76-862925FE7703}"
EndProject
Project("{2150E333-8FDC-42A3-9474-1A3956D46DE8}") = "Task1", "Task1", "{09508370-B42D-46EF-AECE-037DB353FA93}"
EndProject
Project("{FAE04EC0-301F-11D3-BF4B-00C04F79EFBC}") = "Tyuiu.MartysevichAD.Sprint5.Task1.V16", "Tyuiu.MartysevichAD.Sprint5.Task1.V16\Tyuiu.MartysevichAD.Sprint5.Task1.V16.csproj", "{B9861A54-E0D4-47A3-B9CA-E492A3FA91C0}"
EndProject
Project("{FAE04EC0-301F-11D3-BF4B-00C04F79EFBC}") = "Tyuiu.MartysevichAD.Sprint5.Task1.V16.Test", "Tyuiu.MartysevichAD.Sprint5.Task1.V16.Test\Tyuiu.MartysevichAD.Sprint5.Task1.V16.Test.csproj", "{AD8A6B60-D4A7-457A-84F4-98ECE7A4E227}"
EndProject
Project("{FAE04EC0-301F-11D3-BF4B-00C04F79EFBC}") = "Tyuiu.MartysevichAD.Sprint5.Task1.V16.Lib", "Tyuiu.MartysevichAD.Sprint5.Task1.V16.Lib\Tyuiu.MartysevichAD.Sprint5.Task1.V16.Lib.csproj", "{4C3B0DD0-D60B-4464-BCC3-0E0CDC88C1FD}"
EndProject
Project("{2150E333-8FDC-42A3-9474-1A3956D46DE8}") = "Task2", "Task2", "{C6889274-ADF2-4551-B25D-E72E91D08932}"
EndProject
Project("{FAE04EC0-301F-11D3-BF4B-00C04F79EFBC}") = "Tyuiu.MartysevichAD.Sprint5.Task2.V16.Lib", "Tyuiu.MartysevichAD.Sprint5.Task2.V16.Lib\Tyuiu.MartysevichAD.Sprint5.Task2.V16.Lib.csproj", "{BD49205E-CE63-48DC-9043-393BC70D5024}"
EndProject
Project("{FAE04EC0-301F-11D3-BF4B-00C04F79EFBC}") = "Tyuiu.MartysevichAD.Sprint5.Task2.V16.Test", "Tyuiu.MartysevichAD.Sprint5.Task2.V16.Test\Tyuiu.MartysevichAD.Sprint5.Task2.V16.Test.csproj", "{509BE488-5B4C-4024-ADEA-E810EC92609E}"
EndProject
Project("{FAE04EC0-301F-11D3-BF4B-00C04F79EFBC}") = "Tyuiu.MartysevichAD.Sprint5.Task2.V16", "Tyuiu.MartysevichAD.Sprint5.Task2.V16\Tyuiu.MartysevichAD.Sprint5.Task2.V16.csproj", "{5C24C01E-C146-4418-BC38-5B0A2CD992C5}"
EndProject
Project("{2150E333-8FDC-42A3-9474-1A3956D46DE8}") = "Task3", "Task3", "{84543D18-A97C-4C2F-941D-C4DC22FB011E}"
EndProject
Project("{FAE04EC0-301F-11D3-BF4B-00C04F79EFBC}") = "Tyuiu.MartysevichAD.Sprint5.Task3.V5", "Tyuiu.MartysevichAD.Sprint5.Task3.V5\Tyuiu.MartysevichAD.Sprint5.Task3.V5.csproj", "{638A6272-61BE-42FE-9D7C-13E386B11C12}"
EndProject
Project("{FAE04EC0-301F-11D3-BF4B-00C04F79EFBC}") = "Tyuiu.MartysevichAD.Sprint5.Task3.V5.Test", "Tyuiu.MartysevichAD.Sprint5.Task3.V5.Test\Tyuiu.MartysevichAD.Sprint5.Task3.V5.Test.csproj", "{F63E7F74-7EB9-468D-B1EA-5CE07294353B}"
EndProject
Project("{FAE04EC0-301F-11D3-BF4B-00C04F79EFBC}") = "Tyuiu.MartysevichAD.Sprint5.Task3.V5.Lib", "Tyuiu.MartysevichAD.Sprint5.Task3.V5.Lib\Tyuiu.MartysevichAD.Sprint5.Task3.V5.Lib.csproj", "{BE8E464B-423B-4713-A495-C37DB0FAE61C}"
EndProject
Project("{2150E333-8FDC-42A3-9474-1A3956D46DE8}") = "Task4", "Task4", "{EE366FEA-296E-47E9-8FCD-B247DFD238E9}"
EndProject
Project("{FAE04EC0-301F-11D3-BF4B-00C04F79EFBC}") = "Tyuiu.MartysevichAD.Sprint5.Task4.V20.Test", "Tyuiu.MartysevichAD.Sprint5.Task4.V20.Test\Tyuiu.MartysevichAD.Sprint5.Task4.V20.Test.csproj", "{918727BB-F0BF-4740-8140-464C17CC05D5}"
EndProject
Project("{FAE04EC0-301F-11D3-BF4B-00C04F79EFBC}") = "Tyuiu.MartysevichAD.Sprint5.Task4.V20.Lib", "Tyuiu.MartysevichAD.Sprint5.Task4.V20.Lib\Tyuiu.MartysevichAD.Sprint5.Task4.V20.Lib.csproj", "{E4D54592-9D96-425E-8A58-44F08341F0BA}"
EndProject
Project("{FAE04EC0-301F-11D3-BF4B-00C04F79EFBC}") = "Tyuiu.MartysevichAD.Sprint5.Task4.V20", "Tyuiu.MartysevichAD.Sprint5.Task4.V20\Tyuiu.MartysevichAD.Sprint5.Task4.V20.csproj", "{C477129D-DBA8-4BF4-8369-84D453205BE2}"
EndProject
Global
	GlobalSection(SolutionConfigurationPlatforms) = preSolution
		Debug|Any CPU = Debug|Any CPU
		Release|Any CPU = Release|Any CPU
	EndGlobalSection
	GlobalSection(ProjectConfigurationPlatforms) = postSolution
		{02F81DBF-2F28-4900-BE60-0DCDCC126B90}.Debug|Any CPU.ActiveCfg = Debug|Any CPU
		{02F81DBF-2F28-4900-BE60-0DCDCC126B90}.Debug|Any CPU.Build.0 = Debug|Any CPU
		{02F81DBF-2F28-4900-BE60-0DCDCC126B90}.Release|Any CPU.ActiveCfg = Release|Any CPU
		{02F81DBF-2F28-4900-BE60-0DCDCC126B90}.Release|Any CPU.Build.0 = Release|Any CPU
		{A341E6C1-7BF9-4AC2-806B-BE2E8F82C62A}.Debug|Any CPU.ActiveCfg = Debug|Any CPU
		{A341E6C1-7BF9-4AC2-806B-BE2E8F82C62A}.Debug|Any CPU.Build.0 = Debug|Any CPU
		{A341E6C1-7BF9-4AC2-806B-BE2E8F82C62A}.Release|Any CPU.ActiveCfg = Release|Any CPU
		{A341E6C1-7BF9-4AC2-806B-BE2E8F82C62A}.Release|Any CPU.Build.0 = Release|Any CPU
		{09127374-D5BE-42ED-8C76-862925FE7703}.Debug|Any CPU.ActiveCfg = Debug|Any CPU
		{09127374-D5BE-42ED-8C76-862925FE7703}.Debug|Any CPU.Build.0 = Debug|Any CPU
		{09127374-D5BE-42ED-8C76-862925FE7703}.Release|Any CPU.ActiveCfg = Release|Any CPU
		{09127374-D5BE-42ED-8C76-862925FE7703}.Release|Any CPU.Build.0 = Release|Any CPU
		{B9861A54-E0D4-47A3-B9CA-E492A3FA91C0}.Debug|Any CPU.ActiveCfg = Debug|Any CPU
		{B9861A54-E0D4-47A3-B9CA-E492A3FA91C0}.Debug|Any CPU.Build.0 = Debug|Any CPU
		{B9861A54-E0D4-47A3-B9CA-E492A3FA91C0}.Release|Any CPU.ActiveCfg = Release|Any CPU
		{B9861A54-E0D4-47A3-B9CA-E492A3FA91C0}.Release|Any CPU.Build.0 = Release|Any CPU
		{AD8A6B60-D4A7-457A-84F4-98ECE7A4E227}.Debug|Any CPU.ActiveCfg = Debug|Any CPU
		{AD8A6B60-D4A7-457A-84F4-98ECE7A4E227}.Debug|Any CPU.Build.0 = Debug|Any CPU
		{AD8A6B60-D4A7-457A-84F4-98ECE7A4E227}.Release|Any CPU.ActiveCfg = Release|Any CPU
		{AD8A6B60-D4A7-457A-84F4-98ECE7A4E227}.Release|Any CPU.Build.0 = Release|Any CPU
		{4C3B0DD0-D60B-4464-BCC3-0E0CDC88C1FD}.Debug|Any CPU.ActiveCfg = Debug|Any CPU
		{4C3B0DD0-D60B-4464-BCC3-0E0CDC88C1FD}.Debug|Any CPU.Build.0 = Debug|Any CPU
		{4C3B0DD0-D60B-4464-BCC3-0E0CDC88C1FD}.Release|Any CPU.ActiveCfg = Release|Any CPU
		{4C3B0DD0-D60B-4464-BCC3-0E0CDC88C1FD}.Release|Any CPU.Build.0 = Release|Any CPU
		{BD49205E-CE63-48DC-9043-393BC70D5024}.Debug|Any CPU.ActiveCfg = Debug|Any CPU
		{BD49205E-CE63-48DC-9043-393BC70D5024}.Debug|Any CPU.Build.0 = Debug|Any CPU
		{BD49205E-CE63-48DC-9043-393BC70D5024}.Release|Any CPU.ActiveCfg = Release|Any CPU
		{BD49205E-CE63-48DC-9043-393BC70D5024}.Release|Any CPU.Build.0 = Release|Any CPU
		{509BE488-5B4C-4024-ADEA-E810EC92609E}.Debug|Any CPU.ActiveCfg = Debug|Any CPU
		{509BE488-5B4C-4024-ADEA-E810EC92609E}.Debug|Any CPU.Build.0 = Debug|Any CPU
		{509BE488-5B4C-4024-ADEA-E810EC92609E}.Release|Any CPU.ActiveCfg = Release|Any CPU
		{509BE488-5B4C-4024-ADEA-E810EC92609E}.Release|Any CPU.Build.0 = Release|Any CPU
		{5C24C01E-C146-4418-BC38-5B0A2CD992C5}.Debug|Any CPU.ActiveCfg = Debug|Any CPU
		{5C24C01E-C146-4418-BC38-5B0A2CD992C5}.Debug|Any CPU.Build.0 = Debug|Any CPU
		{5C24C01E-C146-4418-BC38-5B0A2CD992C5}.Release|Any CPU.ActiveCfg = Release|Any CPU
		{5C24C01E-C146-4418-BC38-5B0A2CD992C5}.Release|Any CPU.Build.0 = Release|Any CPU
		{638A6272-61BE-42FE-9D7C-13E386B11C12}.Debug|Any CPU.ActiveCfg = Debug|Any CPU
		{638A6272-61BE-42FE-9D7C-13E386B11C12}.Debug|Any CPU.Build.0 = Debug|Any CPU
		{638A6272-61BE-42FE-9D7C-13E386B11C12}.Release|Any CPU.ActiveCfg = Release|Any CPU
		{638A6272-61BE-42FE-9D7C-13E386B11C12}.Release|Any CPU.Build.0 = Release|Any CPU
		{F63E7F74-7EB9-468D-B1EA-5CE07294353B}.Debug|Any CPU.ActiveCfg = Debug|Any CPU
		{F63E7F74-7EB9-468D-B1EA-5CE07294353B}.Debug|Any CPU.Build.0 = Debug|Any CPU
		{F63E7F74-7EB9-468D-B1EA-5CE07294353B}.Release|Any CPU.ActiveCfg = Release|Any CPU
		{F63E7F74-7EB9-468D-B1EA-5CE07294353B}.Release|Any CPU.Build.0 = Release|Any CPU
		{BE8E464B-423B-4713-A495-C37DB0FAE61C}.Debug|Any CPU.ActiveCfg = Debug|Any CPU
		{BE8E464B-423B-4713-A495-C37DB0FAE61C}.Debug|Any CPU.Build.0 = Debug|Any CPU
		{BE8E464B-423B-4713-A495-C37DB0FAE61C}.Release|Any CPU.ActiveCfg = Release|Any CPU
		{BE8E464B-423B-4713-A495-C37DB0FAE61C}.Release|Any CPU.Build.0 = Release|Any CPU
		{918727BB-F0BF-4740-8140-464C17CC05D5}.Debug|Any CPU.ActiveCfg = Debug|Any CPU
		{918727BB-F0BF-4740-8140-464C17CC05D5}.Debug|Any CPU.Build.0 = Debug|Any CPU
		{918727BB-F0BF-4740-8140-464C17CC05D5}.Release|Any CPU.ActiveCfg = Release|Any CPU
		{918727BB-F0BF-4740-8140-464C17CC05D5}.Release|Any CPU.Build.0 = Release|Any CPU
		{E4D54592-9D96-425E-8A58-44F08341F0BA}.Debug|Any CPU.ActiveCfg = Debug|Any CPU
		{E4D54592-9D96-425E-8A58-44F08341F0BA}.Debug|Any CPU.Build.0 = Debug|Any CPU
		{E4D54592-9D96-425E-8A58-44F08341F0BA}.Release|Any CPU.ActiveCfg = Release|Any CPU
		{E4D54592-9D96-425E-8A58-44F08341F0BA}.Release|Any CPU.Build.0 = Release|Any CPU
		{C477129D-DBA8-4BF4-8369-84D453205BE2}.Debug|Any CPU.ActiveCfg = Debug|Any CPU
		{C477129D-DBA8-4BF4-8369-84D453205BE2}.Debug|Any CPU.Build.0 = Debug|Any CPU
		{C477129D-DBA8-4BF4-8369-84D453205BE2}.Release|Any CPU.ActiveCfg = Release|Any CPU
		{C477129D-DBA8-4BF4-8369-84D453205BE2}.Release|Any CPU.Build.0 = Release|Any CPU
	EndGlobalSection
	GlobalSection(SolutionProperties) = preSolution
		HideSolutionNode = FALSE
	EndGlobalSection
	GlobalSection(NestedProjects) = preSolution
		{02F81DBF-2F28-4900-BE60-0DCDCC126B90} = {D1E4E76A-F098-425A-A776-BEA7553F73A7}
		{A341E6C1-7BF9-4AC2-806B-BE2E8F82C62A} = {D1E4E76A-F098-425A-A776-BEA7553F73A7}
		{09127374-D5BE-42ED-8C76-862925FE7703} = {D1E4E76A-F098-425A-A776-BEA7553F73A7}
		{B9861A54-E0D4-47A3-B9CA-E492A3FA91C0} = {09508370-B42D-46EF-AECE-037DB353FA93}
		{AD8A6B60-D4A7-457A-84F4-98ECE7A4E227} = {09508370-B42D-46EF-AECE-037DB353FA93}
		{4C3B0DD0-D60B-4464-BCC3-0E0CDC88C1FD} = {09508370-B42D-46EF-AECE-037DB353FA93}
		{BD49205E-CE63-48DC-9043-393BC70D5024} = {C6889274-ADF2-4551-B25D-E72E91D08932}
		{509BE488-5B4C-4024-ADEA-E810EC92609E} = {C6889274-ADF2-4551-B25D-E72E91D08932}
		{5C24C01E-C146-4418-BC38-5B0A2CD992C5} = {C6889274-ADF2-4551-B25D-E72E91D08932}
		{638A6272-61BE-42FE-9D7C-13E386B11C12} = {84543D18-A97C-4C2F-941D-C4DC22FB011E}
		{F63E7F74-7EB9-468D-B1EA-5CE07294353B} = {84543D18-A97C-4C2F-941D-C4DC22FB011E}
		{BE8E464B-423B-4713-A495-C37DB0FAE61C} = {84543D18-A97C-4C2F-941D-C4DC22FB011E}
		{918727BB-F0BF-4740-8140-464C17CC05D5} = {EE366FEA-296E-47E9-8FCD-B247DFD238E9}
		{E4D54592-9D96-425E-8A58-44F08341F0BA} = {EE366FEA-296E-47E9-8FCD-B247DFD238E9}
		{C477129D-DBA8-4BF4-8369-84D453205BE2} = {EE366FEA-296E-47E9-8FCD-B247DFD238E9}
	EndGlobalSection
	GlobalSection(ExtensibilityGlobals) = postSolution
		SolutionGuid = {DF50D085-7116-4215-9739-59AE254CCA0E}
	EndGlobalSection
EndGlobal
